// !$*UTF8*$!
{
	archiveVersion = 1;
	classes = {
	};
	objectVersion = 46;
	objects = {

/* Begin PBXBuildFile section */
		7C252B7F1E7CF95C003ABBB3 /* TalkCommentModelFrame.m in Sources */ = {isa = PBXBuildFile; fileRef = 7C252B7E1E7CF95C003ABBB3 /* TalkCommentModelFrame.m */; };
		7C252B821E7D1A5D003ABBB3 /* XHUser.m in Sources */ = {isa = PBXBuildFile; fileRef = 7C252B811E7D1A5D003ABBB3 /* XHUser.m */; };
		7C252B851E7D1AA4003ABBB3 /* XHShareModel.m in Sources */ = {isa = PBXBuildFile; fileRef = 7C252B841E7D1AA4003ABBB3 /* XHShareModel.m */; };
		7C252B881E7D1AD4003ABBB3 /* XHVideoImageModel.m in Sources */ = {isa = PBXBuildFile; fileRef = 7C252B871E7D1AD4003ABBB3 /* XHVideoImageModel.m */; };
		7C252B8B1E7D1AFA003ABBB3 /* XHCommentModel.m in Sources */ = {isa = PBXBuildFile; fileRef = 7C252B8A1E7D1AFA003ABBB3 /* XHCommentModel.m */; };
		7C5474601E7CCDD600B5AAC8 /* ImagesCollectionView.m in Sources */ = {isa = PBXBuildFile; fileRef = 7C54745F1E7CCDD600B5AAC8 /* ImagesCollectionView.m */; };
		7C5ABF7B1E7F7DA0007AD51B /* ShareView.m in Sources */ = {isa = PBXBuildFile; fileRef = 7C5ABF7A1E7F7DA0007AD51B /* ShareView.m */; };
		7C5ABF7E1E7FAEB4007AD51B /* XHFrameConst.m in Sources */ = {isa = PBXBuildFile; fileRef = 7C5ABF7D1E7FAEB4007AD51B /* XHFrameConst.m */; };
		7C5ABF831E7FCD5B007AD51B /* NotificationClass.m in Sources */ = {isa = PBXBuildFile; fileRef = 7C5ABF821E7FCD5B007AD51B /* NotificationClass.m */; };
		7C5ABF851E7FD489007AD51B /* headerBg@2x.png in Resources */ = {isa = PBXBuildFile; fileRef = 7C5ABF841E7FD489007AD51B /* headerBg@2x.png */; };
		7C5ABF871E7FD50A007AD51B /* avatar@2x.png in Resources */ = {isa = PBXBuildFile; fileRef = 7C5ABF861E7FD50A007AD51B /* avatar@2x.png */; };
		7C9585701E80F9C4004A9412 /* ImagesCollectionCell.m in Sources */ = {isa = PBXBuildFile; fileRef = 7C95856F1E80F9C4004A9412 /* ImagesCollectionCell.m */; };
		7C95857D1E811B66004A9412 /* XHFPSView.m in Sources */ = {isa = PBXBuildFile; fileRef = 7C95857C1E811B66004A9412 /* XHFPSView.m */; };
		7CD21E1A1E7B7E5F00CF34EC /* main.m in Sources */ = {isa = PBXBuildFile; fileRef = 7CD21E191E7B7E5F00CF34EC /* main.m */; };
		7CD21E1D1E7B7E5F00CF34EC /* AppDelegate.m in Sources */ = {isa = PBXBuildFile; fileRef = 7CD21E1C1E7B7E5F00CF34EC /* AppDelegate.m */; };
		7CD21E201E7B7E5F00CF34EC /* ViewController.m in Sources */ = {isa = PBXBuildFile; fileRef = 7CD21E1F1E7B7E5F00CF34EC /* ViewController.m */; };
		7CD21E231E7B7E5F00CF34EC /* Main.storyboard in Resources */ = {isa = PBXBuildFile; fileRef = 7CD21E211E7B7E5F00CF34EC /* Main.storyboard */; };
		7CD21E251E7B7E5F00CF34EC /* Assets.xcassets in Resources */ = {isa = PBXBuildFile; fileRef = 7CD21E241E7B7E5F00CF34EC /* Assets.xcassets */; };
		7CD21E281E7B7E5F00CF34EC /* LaunchScreen.storyboard in Resources */ = {isa = PBXBuildFile; fileRef = 7CD21E261E7B7E5F00CF34EC /* LaunchScreen.storyboard */; };
		7CD21E331E7B7E6000CF34EC /* FriendTalkDemoTests.m in Sources */ = {isa = PBXBuildFile; fileRef = 7CD21E321E7B7E6000CF34EC /* FriendTalkDemoTests.m */; };
		7CD21E3E1E7B7E6000CF34EC /* FriendTalkDemoUITests.m in Sources */ = {isa = PBXBuildFile; fileRef = 7CD21E3D1E7B7E6000CF34EC /* FriendTalkDemoUITests.m */; };
		7CD21E4D1E7B800900CF34EC /* RootNavigationController.m in Sources */ = {isa = PBXBuildFile; fileRef = 7CD21E4C1E7B800900CF34EC /* RootNavigationController.m */; };
		7CD21E4F1E7B895300CF34EC /* navigationbarBackgroundWhite@2x.png in Resources */ = {isa = PBXBuildFile; fileRef = 7CD21E4E1E7B895300CF34EC /* navigationbarBackgroundWhite@2x.png */; };
		7CD21E521E7B8A8300CF34EC /* UIColor+Foundation.m in Sources */ = {isa = PBXBuildFile; fileRef = 7CD21E511E7B8A8300CF34EC /* UIColor+Foundation.m */; };
		7CD21E551E7B8B0A00CF34EC /* FriendTalkController.m in Sources */ = {isa = PBXBuildFile; fileRef = 7CD21E541E7B8B0A00CF34EC /* FriendTalkController.m */; };
		7CD21E591E7B92DB00CF34EC /* TalkModelFrame.m in Sources */ = {isa = PBXBuildFile; fileRef = 7CD21E581E7B92DB00CF34EC /* TalkModelFrame.m */; };
		7CD21E5C1E7B92ED00CF34EC /* TalkModel.m in Sources */ = {isa = PBXBuildFile; fileRef = 7CD21E5B1E7B92ED00CF34EC /* TalkModel.m */; };
		7CD21E5E1E7BA69900CF34EC /* ModelData.plist in Resources */ = {isa = PBXBuildFile; fileRef = 7CD21E5D1E7BA69900CF34EC /* ModelData.plist */; };
		7CD21E661E7BB81100CF34EC /* TalkTableView.m in Sources */ = {isa = PBXBuildFile; fileRef = 7CD21E651E7BB81100CF34EC /* TalkTableView.m */; };
		7CD21E691E7BB82000CF34EC /* CommentTableView.m in Sources */ = {isa = PBXBuildFile; fileRef = 7CD21E681E7BB82000CF34EC /* CommentTableView.m */; };
		7CD21E6F1E7BB86400CF34EC /* TalkTableCell.m in Sources */ = {isa = PBXBuildFile; fileRef = 7CD21E6E1E7BB86400CF34EC /* TalkTableCell.m */; };
		7CD21E721E7BB87700CF34EC /* CommentTableCell.m in Sources */ = {isa = PBXBuildFile; fileRef = 7CD21E711E7BB87700CF34EC /* CommentTableCell.m */; };
		7CD21E751E7BB8CE00CF34EC /* TalkHeaderView.m in Sources */ = {isa = PBXBuildFile; fileRef = 7CD21E741E7BB8CE00CF34EC /* TalkHeaderView.m */; };
		BAA2FDF9FB64304DA3631C39 /* libPods-FriendTalkDemo.a in Frameworks */ = {isa = PBXBuildFile; fileRef = C0C23B90AEDA5B7DEE3ED711 /* libPods-FriendTalkDemo.a */; };
/* End PBXBuildFile section */

/* Begin PBXContainerItemProxy section */
		7CD21E2F1E7B7E6000CF34EC /* PBXContainerItemProxy */ = {
			isa = PBXContainerItemProxy;
			containerPortal = 7CD21E0D1E7B7E5F00CF34EC /* Project object */;
			proxyType = 1;
			remoteGlobalIDString = 7CD21E141E7B7E5F00CF34EC;
			remoteInfo = FriendTalkDemo;
		};
		7CD21E3A1E7B7E6000CF34EC /* PBXContainerItemProxy */ = {
			isa = PBXContainerItemProxy;
			containerPortal = 7CD21E0D1E7B7E5F00CF34EC /* Project object */;
			proxyType = 1;
			remoteGlobalIDString = 7CD21E141E7B7E5F00CF34EC;
			remoteInfo = FriendTalkDemo;
		};
/* End PBXContainerItemProxy section */

/* Begin PBXFileReference section */
		7C252B7D1E7CF95C003ABBB3 /* TalkCommentModelFrame.h */ = {isa = PBXFileReference; fileEncoding = 4; lastKnownFileType = sourcecode.c.h; path = TalkCommentModelFrame.h; sourceTree = "<group>"; };
		7C252B7E1E7CF95C003ABBB3 /* TalkCommentModelFrame.m */ = {isa = PBXFileReference; fileEncoding = 4; lastKnownFileType = sourcecode.c.objc; path = TalkCommentModelFrame.m; sourceTree = "<group>"; };
		7C252B801E7D1A5D003ABBB3 /* XHUser.h */ = {isa = PBXFileReference; fileEncoding = 4; lastKnownFileType = sourcecode.c.h; path = XHUser.h; sourceTree = "<group>"; };
		7C252B811E7D1A5D003ABBB3 /* XHUser.m */ = {isa = PBXFileReference; fileEncoding = 4; lastKnownFileType = sourcecode.c.objc; path = XHUser.m; sourceTree = "<group>"; };
		7C252B831E7D1AA4003ABBB3 /* XHShareModel.h */ = {isa = PBXFileReference; fileEncoding = 4; lastKnownFileType = sourcecode.c.h; path = XHShareModel.h; sourceTree = "<group>"; };
		7C252B841E7D1AA4003ABBB3 /* XHShareModel.m */ = {isa = PBXFileReference; fileEncoding = 4; lastKnownFileType = sourcecode.c.objc; path = XHShareModel.m; sourceTree = "<group>"; };
		7C252B861E7D1AD4003ABBB3 /* XHVideoImageModel.h */ = {isa = PBXFileReference; fileEncoding = 4; lastKnownFileType = sourcecode.c.h; path = XHVideoImageModel.h; sourceTree = "<group>"; };
		7C252B871E7D1AD4003ABBB3 /* XHVideoImageModel.m */ = {isa = PBXFileReference; fileEncoding = 4; lastKnownFileType = sourcecode.c.objc; path = XHVideoImageModel.m; sourceTree = "<group>"; };
		7C252B891E7D1AFA003ABBB3 /* XHCommentModel.h */ = {isa = PBXFileReference; fileEncoding = 4; lastKnownFileType = sourcecode.c.h; path = XHCommentModel.h; sourceTree = "<group>"; };
		7C252B8A1E7D1AFA003ABBB3 /* XHCommentModel.m */ = {isa = PBXFileReference; fileEncoding = 4; lastKnownFileType = sourcecode.c.objc; path = XHCommentModel.m; sourceTree = "<group>"; };
		7C54745E1E7CCDD600B5AAC8 /* ImagesCollectionView.h */ = {isa = PBXFileReference; fileEncoding = 4; lastKnownFileType = sourcecode.c.h; path = ImagesCollectionView.h; sourceTree = "<group>"; };
		7C54745F1E7CCDD600B5AAC8 /* ImagesCollectionView.m */ = {isa = PBXFileReference; fileEncoding = 4; lastKnownFileType = sourcecode.c.objc; path = ImagesCollectionView.m; sourceTree = "<group>"; };
		7C5ABF791E7F7DA0007AD51B /* ShareView.h */ = {isa = PBXFileReference; fileEncoding = 4; lastKnownFileType = sourcecode.c.h; path = ShareView.h; sourceTree = "<group>"; };
		7C5ABF7A1E7F7DA0007AD51B /* ShareView.m */ = {isa = PBXFileReference; fileEncoding = 4; lastKnownFileType = sourcecode.c.objc; path = ShareView.m; sourceTree = "<group>"; };
		7C5ABF7C1E7FAEB4007AD51B /* XHFrameConst.h */ = {isa = PBXFileReference; fileEncoding = 4; lastKnownFileType = sourcecode.c.h; path = XHFrameConst.h; sourceTree = "<group>"; };
		7C5ABF7D1E7FAEB4007AD51B /* XHFrameConst.m */ = {isa = PBXFileReference; fileEncoding = 4; lastKnownFileType = sourcecode.c.objc; path = XHFrameConst.m; sourceTree = "<group>"; };
		7C5ABF811E7FCD5B007AD51B /* NotificationClass.h */ = {isa = PBXFileReference; fileEncoding = 4; lastKnownFileType = sourcecode.c.h; path = NotificationClass.h; sourceTree = "<group>"; };
		7C5ABF821E7FCD5B007AD51B /* NotificationClass.m */ = {isa = PBXFileReference; fileEncoding = 4; lastKnownFileType = sourcecode.c.objc; path = NotificationClass.m; sourceTree = "<group>"; };
		7C5ABF841E7FD489007AD51B /* headerBg@2x.png */ = {isa = PBXFileReference; lastKnownFileType = image.png; path = "headerBg@2x.png"; sourceTree = "<group>"; };
		7C5ABF861E7FD50A007AD51B /* avatar@2x.png */ = {isa = PBXFileReference; lastKnownFileType = image.png; path = "avatar@2x.png"; sourceTree = "<group>"; };
		7C95856E1E80F9C4004A9412 /* ImagesCollectionCell.h */ = {isa = PBXFileReference; fileEncoding = 4; lastKnownFileType = sourcecode.c.h; path = ImagesCollectionCell.h; sourceTree = "<group>"; };
		7C95856F1E80F9C4004A9412 /* ImagesCollectionCell.m */ = {isa = PBXFileReference; fileEncoding = 4; lastKnownFileType = sourcecode.c.objc; path = ImagesCollectionCell.m; sourceTree = "<group>"; };
		7C95857B1E811B66004A9412 /* XHFPSView.h */ = {isa = PBXFileReference; fileEncoding = 4; lastKnownFileType = sourcecode.c.h; path = XHFPSView.h; sourceTree = "<group>"; };
		7C95857C1E811B66004A9412 /* XHFPSView.m */ = {isa = PBXFileReference; fileEncoding = 4; lastKnownFileType = sourcecode.c.objc; path = XHFPSView.m; sourceTree = "<group>"; };
		7CD21E151E7B7E5F00CF34EC /* FriendTalkDemo.app */ = {isa = PBXFileReference; explicitFileType = wrapper.application; includeInIndex = 0; path = FriendTalkDemo.app; sourceTree = BUILT_PRODUCTS_DIR; };
		7CD21E191E7B7E5F00CF34EC /* main.m */ = {isa = PBXFileReference; lastKnownFileType = sourcecode.c.objc; path = main.m; sourceTree = "<group>"; };
		7CD21E1B1E7B7E5F00CF34EC /* AppDelegate.h */ = {isa = PBXFileReference; lastKnownFileType = sourcecode.c.h; path = AppDelegate.h; sourceTree = "<group>"; };
		7CD21E1C1E7B7E5F00CF34EC /* AppDelegate.m */ = {isa = PBXFileReference; lastKnownFileType = sourcecode.c.objc; path = AppDelegate.m; sourceTree = "<group>"; };
		7CD21E1E1E7B7E5F00CF34EC /* ViewController.h */ = {isa = PBXFileReference; lastKnownFileType = sourcecode.c.h; path = ViewController.h; sourceTree = "<group>"; };
		7CD21E1F1E7B7E5F00CF34EC /* ViewController.m */ = {isa = PBXFileReference; lastKnownFileType = sourcecode.c.objc; path = ViewController.m; sourceTree = "<group>"; };
		7CD21E221E7B7E5F00CF34EC /* Base */ = {isa = PBXFileReference; lastKnownFileType = file.storyboard; name = Base; path = Base.lproj/Main.storyboard; sourceTree = "<group>"; };
		7CD21E241E7B7E5F00CF34EC /* Assets.xcassets */ = {isa = PBXFileReference; lastKnownFileType = folder.assetcatalog; path = Assets.xcassets; sourceTree = "<group>"; };
		7CD21E271E7B7E5F00CF34EC /* Base */ = {isa = PBXFileReference; lastKnownFileType = file.storyboard; name = Base; path = Base.lproj/LaunchScreen.storyboard; sourceTree = "<group>"; };
		7CD21E291E7B7E5F00CF34EC /* Info.plist */ = {isa = PBXFileReference; lastKnownFileType = text.plist.xml; path = Info.plist; sourceTree = "<group>"; };
		7CD21E2E1E7B7E6000CF34EC /* FriendTalkDemoTests.xctest */ = {isa = PBXFileReference; explicitFileType = wrapper.cfbundle; includeInIndex = 0; path = FriendTalkDemoTests.xctest; sourceTree = BUILT_PRODUCTS_DIR; };
		7CD21E321E7B7E6000CF34EC /* FriendTalkDemoTests.m */ = {isa = PBXFileReference; lastKnownFileType = sourcecode.c.objc; path = FriendTalkDemoTests.m; sourceTree = "<group>"; };
		7CD21E341E7B7E6000CF34EC /* Info.plist */ = {isa = PBXFileReference; lastKnownFileType = text.plist.xml; path = Info.plist; sourceTree = "<group>"; };
		7CD21E391E7B7E6000CF34EC /* FriendTalkDemoUITests.xctest */ = {isa = PBXFileReference; explicitFileType = wrapper.cfbundle; includeInIndex = 0; path = FriendTalkDemoUITests.xctest; sourceTree = BUILT_PRODUCTS_DIR; };
		7CD21E3D1E7B7E6000CF34EC /* FriendTalkDemoUITests.m */ = {isa = PBXFileReference; lastKnownFileType = sourcecode.c.objc; path = FriendTalkDemoUITests.m; sourceTree = "<group>"; };
		7CD21E3F1E7B7E6000CF34EC /* Info.plist */ = {isa = PBXFileReference; lastKnownFileType = text.plist.xml; path = Info.plist; sourceTree = "<group>"; };
		7CD21E4B1E7B800900CF34EC /* RootNavigationController.h */ = {isa = PBXFileReference; fileEncoding = 4; lastKnownFileType = sourcecode.c.h; path = RootNavigationController.h; sourceTree = "<group>"; };
		7CD21E4C1E7B800900CF34EC /* RootNavigationController.m */ = {isa = PBXFileReference; fileEncoding = 4; lastKnownFileType = sourcecode.c.objc; path = RootNavigationController.m; sourceTree = "<group>"; };
		7CD21E4E1E7B895300CF34EC /* navigationbarBackgroundWhite@2x.png */ = {isa = PBXFileReference; lastKnownFileType = image.png; path = "navigationbarBackgroundWhite@2x.png"; sourceTree = "<group>"; };
		7CD21E501E7B8A8300CF34EC /* UIColor+Foundation.h */ = {isa = PBXFileReference; fileEncoding = 4; lastKnownFileType = sourcecode.c.h; path = "UIColor+Foundation.h"; sourceTree = "<group>"; };
		7CD21E511E7B8A8300CF34EC /* UIColor+Foundation.m */ = {isa = PBXFileReference; fileEncoding = 4; lastKnownFileType = sourcecode.c.objc; path = "UIColor+Foundation.m"; sourceTree = "<group>"; };
		7CD21E531E7B8B0A00CF34EC /* FriendTalkController.h */ = {isa = PBXFileReference; fileEncoding = 4; lastKnownFileType = sourcecode.c.h; path = FriendTalkController.h; sourceTree = "<group>"; };
		7CD21E541E7B8B0A00CF34EC /* FriendTalkController.m */ = {isa = PBXFileReference; fileEncoding = 4; lastKnownFileType = sourcecode.c.objc; path = FriendTalkController.m; sourceTree = "<group>"; };
		7CD21E571E7B92DB00CF34EC /* TalkModelFrame.h */ = {isa = PBXFileReference; fileEncoding = 4; lastKnownFileType = sourcecode.c.h; path = TalkModelFrame.h; sourceTree = "<group>"; };
		7CD21E581E7B92DB00CF34EC /* TalkModelFrame.m */ = {isa = PBXFileReference; fileEncoding = 4; lastKnownFileType = sourcecode.c.objc; path = TalkModelFrame.m; sourceTree = "<group>"; };
		7CD21E5A1E7B92ED00CF34EC /* TalkModel.h */ = {isa = PBXFileReference; fileEncoding = 4; lastKnownFileType = sourcecode.c.h; path = TalkModel.h; sourceTree = "<group>"; };
		7CD21E5B1E7B92ED00CF34EC /* TalkModel.m */ = {isa = PBXFileReference; fileEncoding = 4; lastKnownFileType = sourcecode.c.objc; path = TalkModel.m; sourceTree = "<group>"; };
		7CD21E5D1E7BA69900CF34EC /* ModelData.plist */ = {isa = PBXFileReference; fileEncoding = 4; lastKnownFileType = text.plist.xml; path = ModelData.plist; sourceTree = "<group>"; };
		7CD21E641E7BB81100CF34EC /* TalkTableView.h */ = {isa = PBXFileReference; fileEncoding = 4; lastKnownFileType = sourcecode.c.h; path = TalkTableView.h; sourceTree = "<group>"; };
		7CD21E651E7BB81100CF34EC /* TalkTableView.m */ = {isa = PBXFileReference; fileEncoding = 4; lastKnownFileType = sourcecode.c.objc; path = TalkTableView.m; sourceTree = "<group>"; };
		7CD21E671E7BB82000CF34EC /* CommentTableView.h */ = {isa = PBXFileReference; fileEncoding = 4; lastKnownFileType = sourcecode.c.h; path = CommentTableView.h; sourceTree = "<group>"; };
		7CD21E681E7BB82000CF34EC /* CommentTableView.m */ = {isa = PBXFileReference; fileEncoding = 4; lastKnownFileType = sourcecode.c.objc; path = CommentTableView.m; sourceTree = "<group>"; };
		7CD21E6D1E7BB86400CF34EC /* TalkTableCell.h */ = {isa = PBXFileReference; fileEncoding = 4; lastKnownFileType = sourcecode.c.h; path = TalkTableCell.h; sourceTree = "<group>"; };
		7CD21E6E1E7BB86400CF34EC /* TalkTableCell.m */ = {isa = PBXFileReference; fileEncoding = 4; lastKnownFileType = sourcecode.c.objc; path = TalkTableCell.m; sourceTree = "<group>"; };
		7CD21E701E7BB87700CF34EC /* CommentTableCell.h */ = {isa = PBXFileReference; fileEncoding = 4; lastKnownFileType = sourcecode.c.h; path = CommentTableCell.h; sourceTree = "<group>"; };
		7CD21E711E7BB87700CF34EC /* CommentTableCell.m */ = {isa = PBXFileReference; fileEncoding = 4; lastKnownFileType = sourcecode.c.objc; path = CommentTableCell.m; sourceTree = "<group>"; };
		7CD21E731E7BB8CE00CF34EC /* TalkHeaderView.h */ = {isa = PBXFileReference; fileEncoding = 4; lastKnownFileType = sourcecode.c.h; path = TalkHeaderView.h; sourceTree = "<group>"; };
		7CD21E741E7BB8CE00CF34EC /* TalkHeaderView.m */ = {isa = PBXFileReference; fileEncoding = 4; lastKnownFileType = sourcecode.c.objc; path = TalkHeaderView.m; sourceTree = "<group>"; };
		7CD21E781E7BD8DF00CF34EC /* PrefixHeader.pch */ = {isa = PBXFileReference; fileEncoding = 4; lastKnownFileType = sourcecode.c.h; path = PrefixHeader.pch; sourceTree = "<group>"; };
		B8CEC94B932D4FDAA9024B3C /* Pods-FriendTalkDemo.release.xcconfig */ = {isa = PBXFileReference; includeInIndex = 1; lastKnownFileType = text.xcconfig; name = "Pods-FriendTalkDemo.release.xcconfig"; path = "Pods/Target Support Files/Pods-FriendTalkDemo/Pods-FriendTalkDemo.release.xcconfig"; sourceTree = "<group>"; };
		C0C23B90AEDA5B7DEE3ED711 /* libPods-FriendTalkDemo.a */ = {isa = PBXFileReference; explicitFileType = archive.ar; includeInIndex = 0; path = "libPods-FriendTalkDemo.a"; sourceTree = BUILT_PRODUCTS_DIR; };
		FED0F85480FC985C6009581B /* Pods-FriendTalkDemo.debug.xcconfig */ = {isa = PBXFileReference; includeInIndex = 1; lastKnownFileType = text.xcconfig; name = "Pods-FriendTalkDemo.debug.xcconfig"; path = "Pods/Target Support Files/Pods-FriendTalkDemo/Pods-FriendTalkDemo.debug.xcconfig"; sourceTree = "<group>"; };
/* End PBXFileReference section */

/* Begin PBXFrameworksBuildPhase section */
		7CD21E121E7B7E5F00CF34EC /* Frameworks */ = {
			isa = PBXFrameworksBuildPhase;
			buildActionMask = 2147483647;
			files = (
				BAA2FDF9FB64304DA3631C39 /* libPods-FriendTalkDemo.a in Frameworks */,
			);
			runOnlyForDeploymentPostprocessing = 0;
		};
		7CD21E2B1E7B7E6000CF34EC /* Frameworks */ = {
			isa = PBXFrameworksBuildPhase;
			buildActionMask = 2147483647;
			files = (
			);
			runOnlyForDeploymentPostprocessing = 0;
		};
		7CD21E361E7B7E6000CF34EC /* Frameworks */ = {
			isa = PBXFrameworksBuildPhase;
			buildActionMask = 2147483647;
			files = (
			);
			runOnlyForDeploymentPostprocessing = 0;
		};
/* End PBXFrameworksBuildPhase section */

/* Begin PBXGroup section */
		7C252B8C1E7D1B88003ABBB3 /* TalkModel */ = {
			isa = PBXGroup;
			children = (
				7CD21E5A1E7B92ED00CF34EC /* TalkModel.h */,
				7CD21E5B1E7B92ED00CF34EC /* TalkModel.m */,
				7C252B801E7D1A5D003ABBB3 /* XHUser.h */,
				7C252B811E7D1A5D003ABBB3 /* XHUser.m */,
				7C252B831E7D1AA4003ABBB3 /* XHShareModel.h */,
				7C252B841E7D1AA4003ABBB3 /* XHShareModel.m */,
				7C252B861E7D1AD4003ABBB3 /* XHVideoImageModel.h */,
				7C252B871E7D1AD4003ABBB3 /* XHVideoImageModel.m */,
				7C9585721E810388004A9412 /* TalkCommengFrame */,
			);
			name = TalkModel;
			sourceTree = "<group>";
		};
		7C9585711E810374004A9412 /* TalkCommentModel */ = {
			isa = PBXGroup;
			children = (
				7C252B891E7D1AFA003ABBB3 /* XHCommentModel.h */,
				7C252B8A1E7D1AFA003ABBB3 /* XHCommentModel.m */,
			);
			name = TalkCommentModel;
			sourceTree = "<group>";
		};
		7C9585721E810388004A9412 /* TalkCommengFrame */ = {
			isa = PBXGroup;
			children = (
				7C252B7D1E7CF95C003ABBB3 /* TalkCommentModelFrame.h */,
				7C252B7E1E7CF95C003ABBB3 /* TalkCommentModelFrame.m */,
				7C9585711E810374004A9412 /* TalkCommentModel */,
			);
			name = TalkCommengFrame;
			sourceTree = "<group>";
		};
		7C9585731E8103A0004A9412 /* TalkModelFrame */ = {
			isa = PBXGroup;
			children = (
				7CD21E571E7B92DB00CF34EC /* TalkModelFrame.h */,
				7CD21E581E7B92DB00CF34EC /* TalkModelFrame.m */,
				7C252B8C1E7D1B88003ABBB3 /* TalkModel */,
			);
			name = TalkModelFrame;
			sourceTree = "<group>";
		};
		7C9585741E8103C4004A9412 /* 通知单例 */ = {
			isa = PBXGroup;
			children = (
				7C5ABF811E7FCD5B007AD51B /* NotificationClass.h */,
				7C5ABF821E7FCD5B007AD51B /* NotificationClass.m */,
			);
			name = "通知单例";
			sourceTree = "<group>";
		};
		7C9585751E8103EB004A9412 /* 头部视图 */ = {
			isa = PBXGroup;
			children = (
				7CD21E731E7BB8CE00CF34EC /* TalkHeaderView.h */,
				7CD21E741E7BB8CE00CF34EC /* TalkHeaderView.m */,
			);
			name = "头部视图";
			sourceTree = "<group>";
		};
		7C9585761E810416004A9412 /* 会话列表视图 */ = {
			isa = PBXGroup;
			children = (
				7CD21E641E7BB81100CF34EC /* TalkTableView.h */,
				7CD21E651E7BB81100CF34EC /* TalkTableView.m */,
				7CD21E6D1E7BB86400CF34EC /* TalkTableCell.h */,
				7CD21E6E1E7BB86400CF34EC /* TalkTableCell.m */,
			);
			name = "会话列表视图";
			sourceTree = "<group>";
		};
		7C9585771E810435004A9412 /* 会话分享或转载视图 */ = {
			isa = PBXGroup;
			children = (
				7C5ABF791E7F7DA0007AD51B /* ShareView.h */,
				7C5ABF7A1E7F7DA0007AD51B /* ShareView.m */,
			);
			name = "会话分享或转载视图";
			sourceTree = "<group>";
		};
		7C9585781E810445004A9412 /* 会话图片或视频视图 */ = {
			isa = PBXGroup;
			children = (
				7C54745E1E7CCDD600B5AAC8 /* ImagesCollectionView.h */,
				7C54745F1E7CCDD600B5AAC8 /* ImagesCollectionView.m */,
				7C95856E1E80F9C4004A9412 /* ImagesCollectionCell.h */,
				7C95856F1E80F9C4004A9412 /* ImagesCollectionCell.m */,
			);
			name = "会话图片或视频视图";
			sourceTree = "<group>";
		};
		7C9585791E810453004A9412 /* 会话评论视图 */ = {
			isa = PBXGroup;
			children = (
				7CD21E671E7BB82000CF34EC /* CommentTableView.h */,
				7CD21E681E7BB82000CF34EC /* CommentTableView.m */,
				7CD21E701E7BB87700CF34EC /* CommentTableCell.h */,
				7CD21E711E7BB87700CF34EC /* CommentTableCell.m */,
			);
			name = "会话评论视图";
			sourceTree = "<group>";
		};
		7C95857A1E81046C004A9412 /* ViewController */ = {
			isa = PBXGroup;
			children = (
				7CD21E1E1E7B7E5F00CF34EC /* ViewController.h */,
				7CD21E1F1E7B7E5F00CF34EC /* ViewController.m */,
				7CD21E531E7B8B0A00CF34EC /* FriendTalkController.h */,
				7CD21E541E7B8B0A00CF34EC /* FriendTalkController.m */,
			);
			name = ViewController;
			sourceTree = "<group>";
		};
		7C95857E1E811F11004A9412 /* FPS单例 */ = {
			isa = PBXGroup;
			children = (
				7C95857B1E811B66004A9412 /* XHFPSView.h */,
				7C95857C1E811B66004A9412 /* XHFPSView.m */,
			);
			name = "FPS单例";
			sourceTree = "<group>";
		};
		7CD21E0C1E7B7E5F00CF34EC = {
			isa = PBXGroup;
			children = (
				7CD21E171E7B7E5F00CF34EC /* FriendTalkDemo */,
				7CD21E311E7B7E6000CF34EC /* FriendTalkDemoTests */,
				7CD21E3C1E7B7E6000CF34EC /* FriendTalkDemoUITests */,
				7CD21E161E7B7E5F00CF34EC /* Products */,
				B534C25DE04903773DA9E56F /* Pods */,
				D8F7DEF5DDD2C35E91883B91 /* Frameworks */,
			);
			sourceTree = "<group>";
		};
		7CD21E161E7B7E5F00CF34EC /* Products */ = {
			isa = PBXGroup;
			children = (
				7CD21E151E7B7E5F00CF34EC /* FriendTalkDemo.app */,
				7CD21E2E1E7B7E6000CF34EC /* FriendTalkDemoTests.xctest */,
				7CD21E391E7B7E6000CF34EC /* FriendTalkDemoUITests.xctest */,
			);
			name = Products;
			sourceTree = "<group>";
		};
		7CD21E171E7B7E5F00CF34EC /* FriendTalkDemo */ = {
			isa = PBXGroup;
			children = (
				7CD21E1B1E7B7E5F00CF34EC /* AppDelegate.h */,
				7CD21E1C1E7B7E5F00CF34EC /* AppDelegate.m */,
				7CD21E561E7B92B800CF34EC /* Model */,
				7CD21E601E7BB7BD00CF34EC /* Views */,
				7C95857A1E81046C004A9412 /* ViewController */,
				7C95857E1E811F11004A9412 /* FPS单例 */,
				7C9585741E8103C4004A9412 /* 通知单例 */,
				7CD21E4B1E7B800900CF34EC /* RootNavigationController.h */,
				7CD21E4C1E7B800900CF34EC /* RootNavigationController.m */,
				7CD21E211E7B7E5F00CF34EC /* Main.storyboard */,
				7CD21E241E7B7E5F00CF34EC /* Assets.xcassets */,
				7CD21E501E7B8A8300CF34EC /* UIColor+Foundation.h */,
				7CD21E511E7B8A8300CF34EC /* UIColor+Foundation.m */,
				7CD21E261E7B7E5F00CF34EC /* LaunchScreen.storyboard */,
				7CD21E291E7B7E5F00CF34EC /* Info.plist */,
				7CD21E4E1E7B895300CF34EC /* navigationbarBackgroundWhite@2x.png */,
				7C5ABF841E7FD489007AD51B /* headerBg@2x.png */,
				7C5ABF861E7FD50A007AD51B /* avatar@2x.png */,
				7CD21E181E7B7E5F00CF34EC /* Supporting Files */,
			);
			path = FriendTalkDemo;
			sourceTree = "<group>";
		};
		7CD21E181E7B7E5F00CF34EC /* Supporting Files */ = {
			isa = PBXGroup;
			children = (
				7CD21E191E7B7E5F00CF34EC /* main.m */,
				7CD21E781E7BD8DF00CF34EC /* PrefixHeader.pch */,
			);
			name = "Supporting Files";
			sourceTree = "<group>";
		};
		7CD21E311E7B7E6000CF34EC /* FriendTalkDemoTests */ = {
			isa = PBXGroup;
			children = (
				7CD21E321E7B7E6000CF34EC /* FriendTalkDemoTests.m */,
				7CD21E341E7B7E6000CF34EC /* Info.plist */,
			);
			path = FriendTalkDemoTests;
			sourceTree = "<group>";
		};
		7CD21E3C1E7B7E6000CF34EC /* FriendTalkDemoUITests */ = {
			isa = PBXGroup;
			children = (
				7CD21E3D1E7B7E6000CF34EC /* FriendTalkDemoUITests.m */,
				7CD21E3F1E7B7E6000CF34EC /* Info.plist */,
			);
			path = FriendTalkDemoUITests;
			sourceTree = "<group>";
		};
		7CD21E561E7B92B800CF34EC /* Model */ = {
			isa = PBXGroup;
			children = (
				7C5ABF7C1E7FAEB4007AD51B /* XHFrameConst.h */,
				7C5ABF7D1E7FAEB4007AD51B /* XHFrameConst.m */,
				7C9585731E8103A0004A9412 /* TalkModelFrame */,
				7CD21E5D1E7BA69900CF34EC /* ModelData.plist */,
			);
			name = Model;
			sourceTree = "<group>";
		};
		7CD21E601E7BB7BD00CF34EC /* Views */ = {
			isa = PBXGroup;
			children = (
				7C9585751E8103EB004A9412 /* 头部视图 */,
				7C9585761E810416004A9412 /* 会话列表视图 */,
				7C9585771E810435004A9412 /* 会话分享或转载视图 */,
				7C9585781E810445004A9412 /* 会话图片或视频视图 */,
				7C9585791E810453004A9412 /* 会话评论视图 */,
			);
			name = Views;
			sourceTree = "<group>";
		};
		B534C25DE04903773DA9E56F /* Pods */ = {
			isa = PBXGroup;
			children = (
				FED0F85480FC985C6009581B /* Pods-FriendTalkDemo.debug.xcconfig */,
				B8CEC94B932D4FDAA9024B3C /* Pods-FriendTalkDemo.release.xcconfig */,
			);
			name = Pods;
			sourceTree = "<group>";
		};
		D8F7DEF5DDD2C35E91883B91 /* Frameworks */ = {
			isa = PBXGroup;
			children = (
				C0C23B90AEDA5B7DEE3ED711 /* libPods-FriendTalkDemo.a */,
			);
			name = Frameworks;
			sourceTree = "<group>";
		};
/* End PBXGroup section */

/* Begin PBXNativeTarget section */
		7CD21E141E7B7E5F00CF34EC /* FriendTalkDemo */ = {
			isa = PBXNativeTarget;
			buildConfigurationList = 7CD21E421E7B7E6000CF34EC /* Build configuration list for PBXNativeTarget "FriendTalkDemo" */;
			buildPhases = (
				39879A32D771F9AA3EFB176A /* [CP] Check Pods Manifest.lock */,
				7CD21E111E7B7E5F00CF34EC /* Sources */,
				7CD21E121E7B7E5F00CF34EC /* Frameworks */,
				7CD21E131E7B7E5F00CF34EC /* Resources */,
				4FFC685E9B3BB9F97050178B /* [CP] Embed Pods Frameworks */,
				B091B998EB759462B218498F /* [CP] Copy Pods Resources */,
			);
			buildRules = (
			);
			dependencies = (
			);
			name = FriendTalkDemo;
			productName = FriendTalkDemo;
			productReference = 7CD21E151E7B7E5F00CF34EC /* FriendTalkDemo.app */;
			productType = "com.apple.product-type.application";
		};
		7CD21E2D1E7B7E6000CF34EC /* FriendTalkDemoTests */ = {
			isa = PBXNativeTarget;
			buildConfigurationList = 7CD21E451E7B7E6000CF34EC /* Build configuration list for PBXNativeTarget "FriendTalkDemoTests" */;
			buildPhases = (
				7CD21E2A1E7B7E6000CF34EC /* Sources */,
				7CD21E2B1E7B7E6000CF34EC /* Frameworks */,
				7CD21E2C1E7B7E6000CF34EC /* Resources */,
			);
			buildRules = (
			);
			dependencies = (
				7CD21E301E7B7E6000CF34EC /* PBXTargetDependency */,
			);
			name = FriendTalkDemoTests;
			productName = FriendTalkDemoTests;
			productReference = 7CD21E2E1E7B7E6000CF34EC /* FriendTalkDemoTests.xctest */;
			productType = "com.apple.product-type.bundle.unit-test";
		};
		7CD21E381E7B7E6000CF34EC /* FriendTalkDemoUITests */ = {
			isa = PBXNativeTarget;
			buildConfigurationList = 7CD21E481E7B7E6000CF34EC /* Build configuration list for PBXNativeTarget "FriendTalkDemoUITests" */;
			buildPhases = (
				7CD21E351E7B7E6000CF34EC /* Sources */,
				7CD21E361E7B7E6000CF34EC /* Frameworks */,
				7CD21E371E7B7E6000CF34EC /* Resources */,
			);
			buildRules = (
			);
			dependencies = (
				7CD21E3B1E7B7E6000CF34EC /* PBXTargetDependency */,
			);
			name = FriendTalkDemoUITests;
			productName = FriendTalkDemoUITests;
			productReference = 7CD21E391E7B7E6000CF34EC /* FriendTalkDemoUITests.xctest */;
			productType = "com.apple.product-type.bundle.ui-testing";
		};
/* End PBXNativeTarget section */

/* Begin PBXProject section */
		7CD21E0D1E7B7E5F00CF34EC /* Project object */ = {
			isa = PBXProject;
			attributes = {
				LastUpgradeCheck = 0820;
				ORGANIZATIONNAME = huhaifeng;
				TargetAttributes = {
					7CD21E141E7B7E5F00CF34EC = {
						CreatedOnToolsVersion = 8.2.1;
						DevelopmentTeam = 8JRTUMAY2K;
						ProvisioningStyle = Automatic;
					};
					7CD21E2D1E7B7E6000CF34EC = {
						CreatedOnToolsVersion = 8.2.1;
						ProvisioningStyle = Automatic;
						TestTargetID = 7CD21E141E7B7E5F00CF34EC;
					};
					7CD21E381E7B7E6000CF34EC = {
						CreatedOnToolsVersion = 8.2.1;
						ProvisioningStyle = Automatic;
						TestTargetID = 7CD21E141E7B7E5F00CF34EC;
					};
				};
			};
			buildConfigurationList = 7CD21E101E7B7E5F00CF34EC /* Build configuration list for PBXProject "FriendTalkDemo" */;
			compatibilityVersion = "Xcode 3.2";
			developmentRegion = English;
			hasScannedForEncodings = 0;
			knownRegions = (
				en,
				Base,
			);
			mainGroup = 7CD21E0C1E7B7E5F00CF34EC;
			productRefGroup = 7CD21E161E7B7E5F00CF34EC /* Products */;
			projectDirPath = "";
			projectRoot = "";
			targets = (
				7CD21E141E7B7E5F00CF34EC /* FriendTalkDemo */,
				7CD21E2D1E7B7E6000CF34EC /* FriendTalkDemoTests */,
				7CD21E381E7B7E6000CF34EC /* FriendTalkDemoUITests */,
			);
		};
/* End PBXProject section */

/* Begin PBXResourcesBuildPhase section */
		7CD21E131E7B7E5F00CF34EC /* Resources */ = {
			isa = PBXResourcesBuildPhase;
			buildActionMask = 2147483647;
			files = (
				7CD21E281E7B7E5F00CF34EC /* LaunchScreen.storyboard in Resources */,
				7CD21E251E7B7E5F00CF34EC /* Assets.xcassets in Resources */,
				7C5ABF851E7FD489007AD51B /* headerBg@2x.png in Resources */,
				7CD21E5E1E7BA69900CF34EC /* ModelData.plist in Resources */,
				7C5ABF871E7FD50A007AD51B /* avatar@2x.png in Resources */,
				7CD21E4F1E7B895300CF34EC /* navigationbarBackgroundWhite@2x.png in Resources */,
				7CD21E231E7B7E5F00CF34EC /* Main.storyboard in Resources */,
			);
			runOnlyForDeploymentPostprocessing = 0;
		};
		7CD21E2C1E7B7E6000CF34EC /* Resources */ = {
			isa = PBXResourcesBuildPhase;
			buildActionMask = 2147483647;
			files = (
			);
			runOnlyForDeploymentPostprocessing = 0;
		};
		7CD21E371E7B7E6000CF34EC /* Resources */ = {
			isa = PBXResourcesBuildPhase;
			buildActionMask = 2147483647;
			files = (
			);
			runOnlyForDeploymentPostprocessing = 0;
		};
/* End PBXResourcesBuildPhase section */

/* Begin PBXShellScriptBuildPhase section */
		39879A32D771F9AA3EFB176A /* [CP] Check Pods Manifest.lock */ = {
			isa = PBXShellScriptBuildPhase;
			buildActionMask = 2147483647;
			files = (
			);
			inputPaths = (
			);
			name = "[CP] Check Pods Manifest.lock";
			outputPaths = (
			);
			runOnlyForDeploymentPostprocessing = 0;
			shellPath = /bin/sh;
			shellScript = "diff \"${PODS_ROOT}/../Podfile.lock\" \"${PODS_ROOT}/Manifest.lock\" > /dev/null\nif [ $? != 0 ] ; then\n    # print error to STDERR\n    echo \"error: The sandbox is not in sync with the Podfile.lock. Run 'pod install' or update your CocoaPods installation.\" >&2\n    exit 1\nfi\n";
			showEnvVarsInLog = 0;
		};
		4FFC685E9B3BB9F97050178B /* [CP] Embed Pods Frameworks */ = {
			isa = PBXShellScriptBuildPhase;
			buildActionMask = 2147483647;
			files = (
			);
			inputPaths = (
			);
			name = "[CP] Embed Pods Frameworks";
			outputPaths = (
			);
			runOnlyForDeploymentPostprocessing = 0;
			shellPath = /bin/sh;
			shellScript = "\"${SRCROOT}/Pods/Target Support Files/Pods-FriendTalkDemo/Pods-FriendTalkDemo-frameworks.sh\"\n";
			showEnvVarsInLog = 0;
		};
		B091B998EB759462B218498F /* [CP] Copy Pods Resources */ = {
			isa = PBXShellScriptBuildPhase;
			buildActionMask = 2147483647;
			files = (
			);
			inputPaths = (
			);
			name = "[CP] Copy Pods Resources";
			outputPaths = (
			);
			runOnlyForDeploymentPostprocessing = 0;
			shellPath = /bin/sh;
			shellScript = "\"${SRCROOT}/Pods/Target Support Files/Pods-FriendTalkDemo/Pods-FriendTalkDemo-resources.sh\"\n";
			showEnvVarsInLog = 0;
		};
/* End PBXShellScriptBuildPhase section */

/* Begin PBXSourcesBuildPhase section */
		7CD21E111E7B7E5F00CF34EC /* Sources */ = {
			isa = PBXSourcesBuildPhase;
			buildActionMask = 2147483647;
			files = (
				7C5474601E7CCDD600B5AAC8 /* ImagesCollectionView.m in Sources */,
				7CD21E751E7BB8CE00CF34EC /* TalkHeaderView.m in Sources */,
				7C95857D1E811B66004A9412 /* XHFPSView.m in Sources */,
				7C252B821E7D1A5D003ABBB3 /* XHUser.m in Sources */,
				7CD21E591E7B92DB00CF34EC /* TalkModelFrame.m in Sources */,
				7CD21E201E7B7E5F00CF34EC /* ViewController.m in Sources */,
				7CD21E661E7BB81100CF34EC /* TalkTableView.m in Sources */,
				7CD21E6F1E7BB86400CF34EC /* TalkTableCell.m in Sources */,
				7CD21E721E7BB87700CF34EC /* CommentTableCell.m in Sources */,
				7CD21E521E7B8A8300CF34EC /* UIColor+Foundation.m in Sources */,
				7CD21E5C1E7B92ED00CF34EC /* TalkModel.m in Sources */,
				7CD21E4D1E7B800900CF34EC /* RootNavigationController.m in Sources */,
				7C252B851E7D1AA4003ABBB3 /* XHShareModel.m in Sources */,
				7CD21E1D1E7B7E5F00CF34EC /* AppDelegate.m in Sources */,
				7C5ABF7B1E7F7DA0007AD51B /* ShareView.m in Sources */,
				7CD21E691E7BB82000CF34EC /* CommentTableView.m in Sources */,
				7C5ABF7E1E7FAEB4007AD51B /* XHFrameConst.m in Sources */,
				7C252B7F1E7CF95C003ABBB3 /* TalkCommentModelFrame.m in Sources */,
				7C9585701E80F9C4004A9412 /* ImagesCollectionCell.m in Sources */,
				7CD21E1A1E7B7E5F00CF34EC /* main.m in Sources */,
				7CD21E551E7B8B0A00CF34EC /* FriendTalkController.m in Sources */,
				7C5ABF831E7FCD5B007AD51B /* NotificationClass.m in Sources */,
				7C252B881E7D1AD4003ABBB3 /* XHVideoImageModel.m in Sources */,
				7C252B8B1E7D1AFA003ABBB3 /* XHCommentModel.m in Sources */,
			);
			runOnlyForDeploymentPostprocessing = 0;
		};
		7CD21E2A1E7B7E6000CF34EC /* Sources */ = {
			isa = PBXSourcesBuildPhase;
			buildActionMask = 2147483647;
			files = (
				7CD21E331E7B7E6000CF34EC /* FriendTalkDemoTests.m in Sources */,
			);
			runOnlyForDeploymentPostprocessing = 0;
		};
		7CD21E351E7B7E6000CF34EC /* Sources */ = {
			isa = PBXSourcesBuildPhase;
			buildActionMask = 2147483647;
			files = (
				7CD21E3E1E7B7E6000CF34EC /* FriendTalkDemoUITests.m in Sources */,
			);
			runOnlyForDeploymentPostprocessing = 0;
		};
/* End PBXSourcesBuildPhase section */

/* Begin PBXTargetDependency section */
		7CD21E301E7B7E6000CF34EC /* PBXTargetDependency */ = {
			isa = PBXTargetDependency;
			target = 7CD21E141E7B7E5F00CF34EC /* FriendTalkDemo */;
			targetProxy = 7CD21E2F1E7B7E6000CF34EC /* PBXContainerItemProxy */;
		};
		7CD21E3B1E7B7E6000CF34EC /* PBXTargetDependency */ = {
			isa = PBXTargetDependency;
			target = 7CD21E141E7B7E5F00CF34EC /* FriendTalkDemo */;
			targetProxy = 7CD21E3A1E7B7E6000CF34EC /* PBXContainerItemProxy */;
		};
/* End PBXTargetDependency section */

/* Begin PBXVariantGroup section */
		7CD21E211E7B7E5F00CF34EC /* Main.storyboard */ = {
			isa = PBXVariantGroup;
			children = (
				7CD21E221E7B7E5F00CF34EC /* Base */,
			);
			name = Main.storyboard;
			sourceTree = "<group>";
		};
		7CD21E261E7B7E5F00CF34EC /* LaunchScreen.storyboard */ = {
			isa = PBXVariantGroup;
			children = (
				7CD21E271E7B7E5F00CF34EC /* Base */,
			);
			name = LaunchScreen.storyboard;
			sourceTree = "<group>";
		};
/* End PBXVariantGroup section */

/* Begin XCBuildConfiguration section */
		7CD21E401E7B7E6000CF34EC /* Debug */ = {
			isa = XCBuildConfiguration;
			buildSettings = {
				ALWAYS_SEARCH_USER_PATHS = NO;
				CLANG_ANALYZER_NONNULL = YES;
				CLANG_CXX_LANGUAGE_STANDARD = "gnu++0x";
				CLANG_CXX_LIBRARY = "libc++";
				CLANG_ENABLE_MODULES = YES;
				CLANG_ENABLE_OBJC_ARC = YES;
				CLANG_WARN_BOOL_CONVERSION = YES;
				CLANG_WARN_CONSTANT_CONVERSION = YES;
				CLANG_WARN_DIRECT_OBJC_ISA_USAGE = YES_ERROR;
				CLANG_WARN_DOCUMENTATION_COMMENTS = YES;
				CLANG_WARN_EMPTY_BODY = YES;
				CLANG_WARN_ENUM_CONVERSION = YES;
				CLANG_WARN_INFINITE_RECURSION = YES;
				CLANG_WARN_INT_CONVERSION = YES;
				CLANG_WARN_OBJC_ROOT_CLASS = YES_ERROR;
				CLANG_WARN_SUSPICIOUS_MOVE = YES;
				CLANG_WARN_UNREACHABLE_CODE = YES;
				CLANG_WARN__DUPLICATE_METHOD_MATCH = YES;
				"CODE_SIGN_IDENTITY[sdk=iphoneos*]" = "iPhone Developer";
				COPY_PHASE_STRIP = NO;
				DEBUG_INFORMATION_FORMAT = dwarf;
				ENABLE_STRICT_OBJC_MSGSEND = YES;
				ENABLE_TESTABILITY = YES;
				GCC_C_LANGUAGE_STANDARD = gnu99;
				GCC_DYNAMIC_NO_PIC = NO;
				GCC_NO_COMMON_BLOCKS = YES;
				GCC_OPTIMIZATION_LEVEL = 0;
				GCC_PREPROCESSOR_DEFINITIONS = (
					"DEBUG=1",
					"$(inherited)",
				);
				GCC_WARN_64_TO_32_BIT_CONVERSION = YES;
				GCC_WARN_ABOUT_RETURN_TYPE = YES_ERROR;
				GCC_WARN_UNDECLARED_SELECTOR = YES;
				GCC_WARN_UNINITIALIZED_AUTOS = YES_AGGRESSIVE;
				GCC_WARN_UNUSED_FUNCTION = YES;
				GCC_WARN_UNUSED_VARIABLE = YES;
				IPHONEOS_DEPLOYMENT_TARGET = 10.2;
				MTL_ENABLE_DEBUG_INFO = YES;
				ONLY_ACTIVE_ARCH = YES;
				SDKROOT = iphoneos;
				TARGETED_DEVICE_FAMILY = "1,2";
			};
			name = Debug;
		};
		7CD21E411E7B7E6000CF34EC /* Release */ = {
			isa = XCBuildConfiguration;
			buildSettings = {
				ALWAYS_SEARCH_USER_PATHS = NO;
				CLANG_ANALYZER_NONNULL = YES;
				CLANG_CXX_LANGUAGE_STANDARD = "gnu++0x";
				CLANG_CXX_LIBRARY = "libc++";
				CLANG_ENABLE_MODULES = YES;
				CLANG_ENABLE_OBJC_ARC = YES;
				CLANG_WARN_BOOL_CONVERSION = YES;
				CLANG_WARN_CONSTANT_CONVERSION = YES;
				CLANG_WARN_DIRECT_OBJC_ISA_USAGE = YES_ERROR;
				CLANG_WARN_DOCUMENTATION_COMMENTS = YES;
				CLANG_WARN_EMPTY_BODY = YES;
				CLANG_WARN_ENUM_CONVERSION = YES;
				CLANG_WARN_INFINITE_RECURSION = YES;
				CLANG_WARN_INT_CONVERSION = YES;
				CLANG_WARN_OBJC_ROOT_CLASS = YES_ERROR;
				CLANG_WARN_SUSPICIOUS_MOVE = YES;
				CLANG_WARN_UNREACHABLE_CODE = YES;
				CLANG_WARN__DUPLICATE_METHOD_MATCH = YES;
				"CODE_SIGN_IDENTITY[sdk=iphoneos*]" = "iPhone Developer";
				COPY_PHASE_STRIP = NO;
				DEBUG_INFORMATION_FORMAT = "dwarf-with-dsym";
				ENABLE_NS_ASSERTIONS = NO;
				ENABLE_STRICT_OBJC_MSGSEND = YES;
				GCC_C_LANGUAGE_STANDARD = gnu99;
				GCC_NO_COMMON_BLOCKS = YES;
				GCC_WARN_64_TO_32_BIT_CONVERSION = YES;
				GCC_WARN_ABOUT_RETURN_TYPE = YES_ERROR;
				GCC_WARN_UNDECLARED_SELECTOR = YES;
				GCC_WARN_UNINITIALIZED_AUTOS = YES_AGGRESSIVE;
				GCC_WARN_UNUSED_FUNCTION = YES;
				GCC_WARN_UNUSED_VARIABLE = YES;
				IPHONEOS_DEPLOYMENT_TARGET = 10.2;
				MTL_ENABLE_DEBUG_INFO = NO;
				SDKROOT = iphoneos;
				TARGETED_DEVICE_FAMILY = "1,2";
				VALIDATE_PRODUCT = YES;
			};
			name = Release;
		};
		7CD21E431E7B7E6000CF34EC /* Debug */ = {
			isa = XCBuildConfiguration;
			baseConfigurationReference = FED0F85480FC985C6009581B /* Pods-FriendTalkDemo.debug.xcconfig */;
			buildSettings = {
				ASSETCATALOG_COMPILER_APPICON_NAME = AppIcon;
				COPY_HEADERS_RUN_UNIFDEF = NO;
				DEVELOPMENT_TEAM = 8JRTUMAY2K;
				GCC_PREFIX_HEADER = "$(SRCROOT)/FriendTalkDemo/PrefixHeader.pch";
				INFOPLIST_FILE = FriendTalkDemo/Info.plist;
				IPHONEOS_DEPLOYMENT_TARGET = 8.0;
				LD_RUNPATH_SEARCH_PATHS = "$(inherited) @executable_path/Frameworks";
				PRODUCT_BUNDLE_IDENTIFIER = com.xsk.FriendTalkDemo;
				PRODUCT_NAME = "$(TARGET_NAME)";
				TARGETED_DEVICE_FAMILY = 1;
			};
			name = Debug;
		};
		7CD21E441E7B7E6000CF34EC /* Release */ = {
			isa = XCBuildConfiguration;
			baseConfigurationReference = B8CEC94B932D4FDAA9024B3C /* Pods-FriendTalkDemo.release.xcconfig */;
			buildSettings = {
				ASSETCATALOG_COMPILER_APPICON_NAME = AppIcon;
				COPY_HEADERS_RUN_UNIFDEF = NO;
				DEVELOPMENT_TEAM = 8JRTUMAY2K;
				GCC_PREFIX_HEADER = "$(SRCROOT)/FriendTalkDemo/PrefixHeader.pch";
				INFOPLIST_FILE = FriendTalkDemo/Info.plist;
				IPHONEOS_DEPLOYMENT_TARGET = 8.0;
				LD_RUNPATH_SEARCH_PATHS = "$(inherited) @executable_path/Frameworks";
				PRODUCT_BUNDLE_IDENTIFIER = com.xsk.FriendTalkDemo;
				PRODUCT_NAME = "$(TARGET_NAME)";
				TARGETED_DEVICE_FAMILY = 1;
			};
			name = Release;
		};
		7CD21E461E7B7E6000CF34EC /* Debug */ = {
			isa = XCBuildConfiguration;
			buildSettings = {
				BUNDLE_LOADER = "$(TEST_HOST)";
				INFOPLIST_FILE = FriendTalkDemoTests/Info.plist;
				LD_RUNPATH_SEARCH_PATHS = "$(inherited) @executable_path/Frameworks @loader_path/Frameworks";
				PRODUCT_BUNDLE_IDENTIFIER = com.xsk.FriendTalkDemoTests;
				PRODUCT_NAME = "$(TARGET_NAME)";
				TEST_HOST = "$(BUILT_PRODUCTS_DIR)/FriendTalkDemo.app/FriendTalkDemo";
			};
			name = Debug;
		};
		7CD21E471E7B7E6000CF34EC /* Release */ = {
			isa = XCBuildConfiguration;
			buildSettings = {
				BUNDLE_LOADER = "$(TEST_HOST)";
				INFOPLIST_FILE = FriendTalkDemoTests/Info.plist;
				LD_RUNPATH_SEARCH_PATHS = "$(inherited) @executable_path/Frameworks @loader_path/Frameworks";
				PRODUCT_BUNDLE_IDENTIFIER = com.xsk.FriendTalkDemoTests;
				PRODUCT_NAME = "$(TARGET_NAME)";
				TEST_HOST = "$(BUILT_PRODUCTS_DIR)/FriendTalkDemo.app/FriendTalkDemo";
			};
			name = Release;
		};
		7CD21E491E7B7E6000CF34EC /* Debug */ = {
			isa = XCBuildConfiguration;
			buildSettings = {
				INFOPLIST_FILE = FriendTalkDemoUITests/Info.plist;
				LD_RUNPATH_SEARCH_PATHS = "$(inherited) @executable_path/Frameworks @loader_path/Frameworks";
				PRODUCT_BUNDLE_IDENTIFIER = com.xsk.FriendTalkDemoUITests;
				PRODUCT_NAME = "$(TARGET_NAME)";
				TEST_TARGET_NAME = FriendTalkDemo;
			};
			name = Debug;
		};
		7CD21E4A1E7B7E6000CF34EC /* Release */ = {
			isa = XCBuildConfiguration;
			buildSettings = {
				INFOPLIST_FILE = FriendTalkDemoUITests/Info.plist;
				LD_RUNPATH_SEARCH_PATHS = "$(inherited) @executable_path/Frameworks @loader_path/Frameworks";
				PRODUCT_BUNDLE_IDENTIFIER = com.xsk.FriendTalkDemoUITests;
				PRODUCT_NAME = "$(TARGET_NAME)";
				TEST_TARGET_NAME = FriendTalkDemo;
			};
			name = Release;
		};
/* End XCBuildConfiguration section */

/* Begin XCConfigurationList section */
		7CD21E101E7B7E5F00CF34EC /* Build configuration list for PBXProject "FriendTalkDemo" */ = {
			isa = XCConfigurationList;
			buildConfigurations = (
				7CD21E401E7B7E6000CF34EC /* Debug */,
				7CD21E411E7B7E6000CF34EC /* Release */,
			);
			defaultConfigurationIsVisible = 0;
			defaultConfigurationName = Release;
		};
		7CD21E421E7B7E6000CF34EC /* Build configuration list for PBXNativeTarget "FriendTalkDemo" */ = {
			isa = XCConfigurationList;
			buildConfigurations = (
				7CD21E431E7B7E6000CF34EC /* Debug */,
				7CD21E441E7B7E6000CF34EC /* Release */,
			);
			defaultConfigurationIsVisible = 0;
			defaultConfigurationName = Release;
		};
		7CD21E451E7B7E6000CF34EC /* Build configuration list for PBXNativeTarget "FriendTalkDemoTests" */ = {
			isa = XCConfigurationList;
			buildConfigurations = (
				7CD21E461E7B7E6000CF34EC /* Debug */,
				7CD21E471E7B7E6000CF34EC /* Release */,
			);
			defaultConfigurationIsVisible = 0;
			defaultConfigurationName = Release;
		};
		7CD21E481E7B7E6000CF34EC /* Build configuration list for PBXNativeTarget "FriendTalkDemoUITests" */ = {
			isa = XCConfigurationList;
			buildConfigurations = (
				7CD21E491E7B7E6000CF34EC /* Debug */,
				7CD21E4A1E7B7E6000CF34EC /* Release */,
			);
			defaultConfigurationIsVisible = 0;
			defaultConfigurationName = Release;
		};
/* End XCConfigurationList section */
	};
	rootObject = 7CD21E0D1E7B7E5F00CF34EC /* Project object */;
}
